// !$*UTF8*$!
{
	archiveVersion = 1;
	classes = {
	};
	objectVersion = 56;
	objects = {

/* Begin PBXBuildFile section */
		01F5BC552D4E007400E2B8CF /* AppDelegate.swift in Sources */ = {isa = PBXBuildFile; fileRef = 01F5BC542D4E007400E2B8CF /* AppDelegate.swift */; };
		01F5BC5B2D4E007400E2B8CF /* GameScene.swift in Sources */ = {isa = PBXBuildFile; fileRef = 01F5BC5A2D4E007400E2B8CF /* GameScene.swift */; };
		01F5BC622D4E007600E2B8CF /* Assets.xcassets in Resources */ = {isa = PBXBuildFile; fileRef = 01F5BC612D4E007600E2B8CF /* Assets.xcassets */; };
		01F5BC652D4E007600E2B8CF /* LaunchScreen.storyboard in Resources */ = {isa = PBXBuildFile; fileRef = 01F5BC632D4E007600E2B8CF /* LaunchScreen.storyboard */; };
		01F5BC6C2D4E8EA900E2B8CF /* TetrisShape.swift in Sources */ = {isa = PBXBuildFile; fileRef = 01F5BC6B2D4E8EA900E2B8CF /* TetrisShape.swift */; };
		01F5BC6E2D4E8F3900E2B8CF /* TetrisBlockNode.swift in Sources */ = {isa = PBXBuildFile; fileRef = 01F5BC6D2D4E8F3900E2B8CF /* TetrisBlockNode.swift */; };
		01F5BC712D4EB19F00E2B8CF /* SKPhysicsContact + extensions.swift in Sources */ = {isa = PBXBuildFile; fileRef = 01F5BC702D4EB19F00E2B8CF /* SKPhysicsContact + extensions.swift */; };
		01F5BC732D4EB31D00E2B8CF /* NodeConfigurator.swift in Sources */ = {isa = PBXBuildFile; fileRef = 01F5BC722D4EB31D00E2B8CF /* NodeConfigurator.swift */; };
		01F5BC782D4FDD4400E2B8CF /* PhysicsCategory.swift in Sources */ = {isa = PBXBuildFile; fileRef = 01F5BC772D4FDD4400E2B8CF /* PhysicsCategory.swift */; };
		01F5BC7A2D51502300E2B8CF /* GameView.swift in Sources */ = {isa = PBXBuildFile; fileRef = 01F5BC792D51502300E2B8CF /* GameView.swift */; };
		01F5BC7C2D51512B00E2B8CF /* TiltrisApp.swift in Sources */ = {isa = PBXBuildFile; fileRef = 01F5BC7B2D51512B00E2B8CF /* TiltrisApp.swift */; };
		01F5BC7E2D53DA1300E2B8CF /* ScoreManager.swift in Sources */ = {isa = PBXBuildFile; fileRef = 01F5BC7D2D53DA1300E2B8CF /* ScoreManager.swift */; };
		01F5BC802D53DAA200E2B8CF /* ScoreBin.swift in Sources */ = {isa = PBXBuildFile; fileRef = 01F5BC7F2D53DAA200E2B8CF /* ScoreBin.swift */; };
		01F5BC822D53E1F900E2B8CF /* ScoreBinNode.swift in Sources */ = {isa = PBXBuildFile; fileRef = 01F5BC812D53E1F900E2B8CF /* ScoreBinNode.swift */; };
		01F5BC842D5498E600E2B8CF /* BinNode.swift in Sources */ = {isa = PBXBuildFile; fileRef = 01F5BC832D5498E600E2B8CF /* BinNode.swift */; };
		01F5BC862D55ECF800E2B8CF /* InstructionView.swift in Sources */ = {isa = PBXBuildFile; fileRef = 01F5BC852D55ECF800E2B8CF /* InstructionView.swift */; };
		01F5BC882D574D6D00E2B8CF /* Coordinator.swift in Sources */ = {isa = PBXBuildFile; fileRef = 01F5BC872D574D6D00E2B8CF /* Coordinator.swift */; };
		01F5BC8A2D5751ED00E2B8CF /* HomeView.swift in Sources */ = {isa = PBXBuildFile; fileRef = 01F5BC892D5751ED00E2B8CF /* HomeView.swift */; };
		01F5BC8C2D57522000E2B8CF /* RootCoordinatorView.swift in Sources */ = {isa = PBXBuildFile; fileRef = 01F5BC8B2D57522000E2B8CF /* RootCoordinatorView.swift */; };
		01F5BC8E2D57543600E2B8CF /* TetrisNodeViewRepresentable.swift in Sources */ = {isa = PBXBuildFile; fileRef = 01F5BC8D2D57543600E2B8CF /* TetrisNodeViewRepresentable.swift */; };
		01F5BC912D575D1100E2B8CF /* HomeTitleView.swift in Sources */ = {isa = PBXBuildFile; fileRef = 01F5BC902D575D1100E2B8CF /* HomeTitleView.swift */; };
		01F5BC932D575D4600E2B8CF /* TetrisShapeView.swift in Sources */ = {isa = PBXBuildFile; fileRef = 01F5BC922D575D4600E2B8CF /* TetrisShapeView.swift */; };
		01F5BC972D575E8500E2B8CF /* HomeViewModel.swift in Sources */ = {isa = PBXBuildFile; fileRef = 01F5BC962D575E8500E2B8CF /* HomeViewModel.swift */; };
		01F5BC992D578F3A00E2B8CF /* SettingsView.swift in Sources */ = {isa = PBXBuildFile; fileRef = 01F5BC982D578F3A00E2B8CF /* SettingsView.swift */; };
		01F5BC9B2D5790DF00E2B8CF /* HomeButtonView.swift in Sources */ = {isa = PBXBuildFile; fileRef = 01F5BC9A2D5790DF00E2B8CF /* HomeButtonView.swift */; };
/* End PBXBuildFile section */

/* Begin PBXFileReference section */
		01F5BC512D4E007400E2B8CF /* TiltrisGame.app */ = {isa = PBXFileReference; explicitFileType = wrapper.application; includeInIndex = 0; path = TiltrisGame.app; sourceTree = BUILT_PRODUCTS_DIR; };
		01F5BC542D4E007400E2B8CF /* AppDelegate.swift */ = {isa = PBXFileReference; lastKnownFileType = sourcecode.swift; path = AppDelegate.swift; sourceTree = "<group>"; };
		01F5BC5A2D4E007400E2B8CF /* GameScene.swift */ = {isa = PBXFileReference; lastKnownFileType = sourcecode.swift; path = GameScene.swift; sourceTree = "<group>"; };
		01F5BC612D4E007600E2B8CF /* Assets.xcassets */ = {isa = PBXFileReference; lastKnownFileType = folder.assetcatalog; path = Assets.xcassets; sourceTree = "<group>"; };
		01F5BC642D4E007600E2B8CF /* Base */ = {isa = PBXFileReference; lastKnownFileType = file.storyboard; name = Base; path = Base.lproj/LaunchScreen.storyboard; sourceTree = "<group>"; };
		01F5BC6B2D4E8EA900E2B8CF /* TetrisShape.swift */ = {isa = PBXFileReference; lastKnownFileType = sourcecode.swift; path = TetrisShape.swift; sourceTree = "<group>"; };
		01F5BC6D2D4E8F3900E2B8CF /* TetrisBlockNode.swift */ = {isa = PBXFileReference; lastKnownFileType = sourcecode.swift; path = TetrisBlockNode.swift; sourceTree = "<group>"; };
		01F5BC702D4EB19F00E2B8CF /* SKPhysicsContact + extensions.swift */ = {isa = PBXFileReference; lastKnownFileType = sourcecode.swift; path = "SKPhysicsContact + extensions.swift"; sourceTree = "<group>"; };
		01F5BC722D4EB31D00E2B8CF /* NodeConfigurator.swift */ = {isa = PBXFileReference; lastKnownFileType = sourcecode.swift; path = NodeConfigurator.swift; sourceTree = "<group>"; };
		01F5BC772D4FDD4400E2B8CF /* PhysicsCategory.swift */ = {isa = PBXFileReference; lastKnownFileType = sourcecode.swift; path = PhysicsCategory.swift; sourceTree = "<group>"; };
		01F5BC792D51502300E2B8CF /* GameView.swift */ = {isa = PBXFileReference; lastKnownFileType = sourcecode.swift; path = GameView.swift; sourceTree = "<group>"; };
		01F5BC7B2D51512B00E2B8CF /* TiltrisApp.swift */ = {isa = PBXFileReference; lastKnownFileType = sourcecode.swift; path = TiltrisApp.swift; sourceTree = "<group>"; };
		01F5BC7D2D53DA1300E2B8CF /* ScoreManager.swift */ = {isa = PBXFileReference; lastKnownFileType = sourcecode.swift; path = ScoreManager.swift; sourceTree = "<group>"; };
		01F5BC7F2D53DAA200E2B8CF /* ScoreBin.swift */ = {isa = PBXFileReference; lastKnownFileType = sourcecode.swift; path = ScoreBin.swift; sourceTree = "<group>"; };
		01F5BC812D53E1F900E2B8CF /* ScoreBinNode.swift */ = {isa = PBXFileReference; lastKnownFileType = sourcecode.swift; path = ScoreBinNode.swift; sourceTree = "<group>"; };
		01F5BC832D5498E600E2B8CF /* BinNode.swift */ = {isa = PBXFileReference; lastKnownFileType = sourcecode.swift; path = BinNode.swift; sourceTree = "<group>"; };
		01F5BC852D55ECF800E2B8CF /* InstructionView.swift */ = {isa = PBXFileReference; lastKnownFileType = sourcecode.swift; path = InstructionView.swift; sourceTree = "<group>"; };
		01F5BC872D574D6D00E2B8CF /* Coordinator.swift */ = {isa = PBXFileReference; lastKnownFileType = sourcecode.swift; path = Coordinator.swift; sourceTree = "<group>"; };
		01F5BC892D5751ED00E2B8CF /* HomeView.swift */ = {isa = PBXFileReference; lastKnownFileType = sourcecode.swift; path = HomeView.swift; sourceTree = "<group>"; };
		01F5BC8B2D57522000E2B8CF /* RootCoordinatorView.swift */ = {isa = PBXFileReference; lastKnownFileType = sourcecode.swift; path = RootCoordinatorView.swift; sourceTree = "<group>"; };
		01F5BC8D2D57543600E2B8CF /* TetrisNodeViewRepresentable.swift */ = {isa = PBXFileReference; lastKnownFileType = sourcecode.swift; path = TetrisNodeViewRepresentable.swift; sourceTree = "<group>"; };
		01F5BC902D575D1100E2B8CF /* HomeTitleView.swift */ = {isa = PBXFileReference; lastKnownFileType = sourcecode.swift; path = HomeTitleView.swift; sourceTree = "<group>"; };
		01F5BC922D575D4600E2B8CF /* TetrisShapeView.swift */ = {isa = PBXFileReference; lastKnownFileType = sourcecode.swift; path = TetrisShapeView.swift; sourceTree = "<group>"; };
		01F5BC962D575E8500E2B8CF /* HomeViewModel.swift */ = {isa = PBXFileReference; lastKnownFileType = sourcecode.swift; path = HomeViewModel.swift; sourceTree = "<group>"; };
		01F5BC982D578F3A00E2B8CF /* SettingsView.swift */ = {isa = PBXFileReference; lastKnownFileType = sourcecode.swift; path = SettingsView.swift; sourceTree = "<group>"; };
		01F5BC9A2D5790DF00E2B8CF /* HomeButtonView.swift */ = {isa = PBXFileReference; lastKnownFileType = sourcecode.swift; path = HomeButtonView.swift; sourceTree = "<group>"; };
/* End PBXFileReference section */

/* Begin PBXFrameworksBuildPhase section */
		01F5BC4E2D4E007400E2B8CF /* Frameworks */ = {
			isa = PBXFrameworksBuildPhase;
			buildActionMask = 2147483647;
			files = (
			);
			runOnlyForDeploymentPostprocessing = 0;
		};
/* End PBXFrameworksBuildPhase section */

/* Begin PBXGroup section */
		01F5BC482D4E007400E2B8CF = {
			isa = PBXGroup;
			children = (
				01F5BC532D4E007400E2B8CF /* TiltrisGame */,
				01F5BC522D4E007400E2B8CF /* Products */,
			);
			sourceTree = "<group>";
		};
		01F5BC522D4E007400E2B8CF /* Products */ = {
			isa = PBXGroup;
			children = (
				01F5BC512D4E007400E2B8CF /* TiltrisGame.app */,
			);
			name = Products;
			sourceTree = "<group>";
		};
		01F5BC532D4E007400E2B8CF /* TiltrisGame */ = {
			isa = PBXGroup;
			children = (
				01F5BC762D4ECD5200E2B8CF /* Scenes */,
				01F5BC752D4ECD3E00E2B8CF /* Utility */,
				01F5BC742D4EB38F00E2B8CF /* Nodes */,
				01F5BC6F2D4EB18400E2B8CF /* Extensions */,
				01F5BC542D4E007400E2B8CF /* AppDelegate.swift */,
				01F5BC612D4E007600E2B8CF /* Assets.xcassets */,
				01F5BC632D4E007600E2B8CF /* LaunchScreen.storyboard */,
				01F5BC722D4EB31D00E2B8CF /* NodeConfigurator.swift */,
				01F5BC7B2D51512B00E2B8CF /* TiltrisApp.swift */,
				01F5BC7D2D53DA1300E2B8CF /* ScoreManager.swift */,
				01F5BC7F2D53DAA200E2B8CF /* ScoreBin.swift */,
			);
			path = TiltrisGame;
			sourceTree = "<group>";
		};
		01F5BC6F2D4EB18400E2B8CF /* Extensions */ = {
			isa = PBXGroup;
			children = (
				01F5BC702D4EB19F00E2B8CF /* SKPhysicsContact + extensions.swift */,
			);
			path = Extensions;
			sourceTree = "<group>";
		};
		01F5BC742D4EB38F00E2B8CF /* Nodes */ = {
			isa = PBXGroup;
			children = (
				01F5BC6D2D4E8F3900E2B8CF /* TetrisBlockNode.swift */,
				01F5BC812D53E1F900E2B8CF /* ScoreBinNode.swift */,
				01F5BC832D5498E600E2B8CF /* BinNode.swift */,
			);
			path = Nodes;
			sourceTree = "<group>";
		};
		01F5BC752D4ECD3E00E2B8CF /* Utility */ = {
			isa = PBXGroup;
			children = (
				01F5BC6B2D4E8EA900E2B8CF /* TetrisShape.swift */,
				01F5BC772D4FDD4400E2B8CF /* PhysicsCategory.swift */,
				01F5BC872D574D6D00E2B8CF /* Coordinator.swift */,
			);
			path = Utility;
			sourceTree = "<group>";
		};
		01F5BC762D4ECD5200E2B8CF /* Scenes */ = {
			isa = PBXGroup;
			children = (
				01F5BC8F2D575CF600E2B8CF /* Home */,
				01F5BC5A2D4E007400E2B8CF /* GameScene.swift */,
				01F5BC792D51502300E2B8CF /* GameView.swift */,
				01F5BC852D55ECF800E2B8CF /* InstructionView.swift */,
				01F5BC8B2D57522000E2B8CF /* RootCoordinatorView.swift */,
				01F5BC8D2D57543600E2B8CF /* TetrisNodeViewRepresentable.swift */,
				01F5BC982D578F3A00E2B8CF /* SettingsView.swift */,
			);
			path = Scenes;
			sourceTree = "<group>";
		};
		01F5BC8F2D575CF600E2B8CF /* Home */ = {
			isa = PBXGroup;
			children = (
				01F5BC952D575E4800E2B8CF /* ViewModel */,
				01F5BC942D575E3B00E2B8CF /* View */,
			);
			path = Home;
			sourceTree = "<group>";
		};
		01F5BC942D575E3B00E2B8CF /* View */ = {
			isa = PBXGroup;
			children = (
				01F5BC892D5751ED00E2B8CF /* HomeView.swift */,
				01F5BC902D575D1100E2B8CF /* HomeTitleView.swift */,
				01F5BC922D575D4600E2B8CF /* TetrisShapeView.swift */,
				01F5BC9A2D5790DF00E2B8CF /* HomeButtonView.swift */,
			);
			path = View;
			sourceTree = "<group>";
		};
		01F5BC952D575E4800E2B8CF /* ViewModel */ = {
			isa = PBXGroup;
			children = (
				01F5BC962D575E8500E2B8CF /* HomeViewModel.swift */,
			);
			path = ViewModel;
			sourceTree = "<group>";
		};
/* End PBXGroup section */

/* Begin PBXNativeTarget section */
		01F5BC502D4E007400E2B8CF /* TiltrisGame */ = {
			isa = PBXNativeTarget;
			buildConfigurationList = 01F5BC682D4E007600E2B8CF /* Build configuration list for PBXNativeTarget "TiltrisGame" */;
			buildPhases = (
				01F5BC4D2D4E007400E2B8CF /* Sources */,
				01F5BC4E2D4E007400E2B8CF /* Frameworks */,
				01F5BC4F2D4E007400E2B8CF /* Resources */,
			);
			buildRules = (
			);
			dependencies = (
			);
			name = TiltrisGame;
			productName = TiltrisGame;
			productReference = 01F5BC512D4E007400E2B8CF /* TiltrisGame.app */;
			productType = "com.apple.product-type.application";
		};
/* End PBXNativeTarget section */

/* Begin PBXProject section */
		01F5BC492D4E007400E2B8CF /* Project object */ = {
			isa = PBXProject;
			attributes = {
				BuildIndependentTargetsInParallel = 1;
				LastSwiftUpdateCheck = 1510;
				LastUpgradeCheck = 1510;
				TargetAttributes = {
					01F5BC502D4E007400E2B8CF = {
						CreatedOnToolsVersion = 15.1;
					};
				};
			};
			buildConfigurationList = 01F5BC4C2D4E007400E2B8CF /* Build configuration list for PBXProject "TiltrisGame" */;
			compatibilityVersion = "Xcode 14.0";
			developmentRegion = en;
			hasScannedForEncodings = 0;
			knownRegions = (
				en,
				Base,
			);
			mainGroup = 01F5BC482D4E007400E2B8CF;
			productRefGroup = 01F5BC522D4E007400E2B8CF /* Products */;
			projectDirPath = "";
			projectRoot = "";
			targets = (
				01F5BC502D4E007400E2B8CF /* TiltrisGame */,
			);
		};
/* End PBXProject section */

/* Begin PBXResourcesBuildPhase section */
		01F5BC4F2D4E007400E2B8CF /* Resources */ = {
			isa = PBXResourcesBuildPhase;
			buildActionMask = 2147483647;
			files = (
				01F5BC622D4E007600E2B8CF /* Assets.xcassets in Resources */,
				01F5BC652D4E007600E2B8CF /* LaunchScreen.storyboard in Resources */,
			);
			runOnlyForDeploymentPostprocessing = 0;
		};
/* End PBXResourcesBuildPhase section */

/* Begin PBXSourcesBuildPhase section */
		01F5BC4D2D4E007400E2B8CF /* Sources */ = {
			isa = PBXSourcesBuildPhase;
			buildActionMask = 2147483647;
			files = (
				01F5BC8E2D57543600E2B8CF /* TetrisNodeViewRepresentable.swift in Sources */,
				01F5BC6C2D4E8EA900E2B8CF /* TetrisShape.swift in Sources */,
				01F5BC802D53DAA200E2B8CF /* ScoreBin.swift in Sources */,
				01F5BC882D574D6D00E2B8CF /* Coordinator.swift in Sources */,
				01F5BC782D4FDD4400E2B8CF /* PhysicsCategory.swift in Sources */,
				01F5BC7E2D53DA1300E2B8CF /* ScoreManager.swift in Sources */,
				01F5BC912D575D1100E2B8CF /* HomeTitleView.swift in Sources */,
				01F5BC6E2D4E8F3900E2B8CF /* TetrisBlockNode.swift in Sources */,
				01F5BC712D4EB19F00E2B8CF /* SKPhysicsContact + extensions.swift in Sources */,
				01F5BC7A2D51502300E2B8CF /* GameView.swift in Sources */,
				01F5BC8C2D57522000E2B8CF /* RootCoordinatorView.swift in Sources */,
				01F5BC932D575D4600E2B8CF /* TetrisShapeView.swift in Sources */,
				01F5BC5B2D4E007400E2B8CF /* GameScene.swift in Sources */,
				01F5BC822D53E1F900E2B8CF /* ScoreBinNode.swift in Sources */,
				01F5BC842D5498E600E2B8CF /* BinNode.swift in Sources */,
				01F5BC9B2D5790DF00E2B8CF /* HomeButtonView.swift in Sources */,
				01F5BC7C2D51512B00E2B8CF /* TiltrisApp.swift in Sources */,
				01F5BC972D575E8500E2B8CF /* HomeViewModel.swift in Sources */,
				01F5BC862D55ECF800E2B8CF /* InstructionView.swift in Sources */,
				01F5BC8A2D5751ED00E2B8CF /* HomeView.swift in Sources */,
				01F5BC732D4EB31D00E2B8CF /* NodeConfigurator.swift in Sources */,
				01F5BC552D4E007400E2B8CF /* AppDelegate.swift in Sources */,
				01F5BC992D578F3A00E2B8CF /* SettingsView.swift in Sources */,
			);
			runOnlyForDeploymentPostprocessing = 0;
		};
/* End PBXSourcesBuildPhase section */

/* Begin PBXVariantGroup section */
		01F5BC632D4E007600E2B8CF /* LaunchScreen.storyboard */ = {
			isa = PBXVariantGroup;
			children = (
				01F5BC642D4E007600E2B8CF /* Base */,
			);
			name = LaunchScreen.storyboard;
			sourceTree = "<group>";
		};
/* End PBXVariantGroup section */

/* Begin XCBuildConfiguration section */
		01F5BC662D4E007600E2B8CF /* Debug */ = {
			isa = XCBuildConfiguration;
			buildSettings = {
				ALWAYS_SEARCH_USER_PATHS = NO;
				ASSETCATALOG_COMPILER_GENERATE_SWIFT_ASSET_SYMBOL_EXTENSIONS = YES;
				CLANG_ANALYZER_NONNULL = YES;
				CLANG_ANALYZER_NUMBER_OBJECT_CONVERSION = YES_AGGRESSIVE;
				CLANG_CXX_LANGUAGE_STANDARD = "gnu++20";
				CLANG_ENABLE_MODULES = YES;
				CLANG_ENABLE_OBJC_ARC = YES;
				CLANG_ENABLE_OBJC_WEAK = YES;
				CLANG_WARN_BLOCK_CAPTURE_AUTORELEASING = YES;
				CLANG_WARN_BOOL_CONVERSION = YES;
				CLANG_WARN_COMMA = YES;
				CLANG_WARN_CONSTANT_CONVERSION = YES;
				CLANG_WARN_DEPRECATED_OBJC_IMPLEMENTATIONS = YES;
				CLANG_WARN_DIRECT_OBJC_ISA_USAGE = YES_ERROR;
				CLANG_WARN_DOCUMENTATION_COMMENTS = YES;
				CLANG_WARN_EMPTY_BODY = YES;
				CLANG_WARN_ENUM_CONVERSION = YES;
				CLANG_WARN_INFINITE_RECURSION = YES;
				CLANG_WARN_INT_CONVERSION = YES;
				CLANG_WARN_NON_LITERAL_NULL_CONVERSION = YES;
				CLANG_WARN_OBJC_IMPLICIT_RETAIN_SELF = YES;
				CLANG_WARN_OBJC_LITERAL_CONVERSION = YES;
				CLANG_WARN_OBJC_ROOT_CLASS = YES_ERROR;
				CLANG_WARN_QUOTED_INCLUDE_IN_FRAMEWORK_HEADER = YES;
				CLANG_WARN_RANGE_LOOP_ANALYSIS = YES;
				CLANG_WARN_STRICT_PROTOTYPES = YES;
				CLANG_WARN_SUSPICIOUS_MOVE = YES;
				CLANG_WARN_UNGUARDED_AVAILABILITY = YES_AGGRESSIVE;
				CLANG_WARN_UNREACHABLE_CODE = YES;
				CLANG_WARN__DUPLICATE_METHOD_MATCH = YES;
				COPY_PHASE_STRIP = NO;
				DEBUG_INFORMATION_FORMAT = dwarf;
				ENABLE_STRICT_OBJC_MSGSEND = YES;
				ENABLE_TESTABILITY = YES;
				ENABLE_USER_SCRIPT_SANDBOXING = YES;
				GCC_C_LANGUAGE_STANDARD = gnu17;
				GCC_DYNAMIC_NO_PIC = NO;
				GCC_NO_COMMON_BLOCKS = YES;
				GCC_OPTIMIZATION_LEVEL = 0;
				GCC_PREPROCESSOR_DEFINITIONS = (
					"DEBUG=1",
					"$(inherited)",
				);
				GCC_WARN_64_TO_32_BIT_CONVERSION = YES;
				GCC_WARN_ABOUT_RETURN_TYPE = YES_ERROR;
				GCC_WARN_UNDECLARED_SELECTOR = YES;
				GCC_WARN_UNINITIALIZED_AUTOS = YES_AGGRESSIVE;
				GCC_WARN_UNUSED_FUNCTION = YES;
				GCC_WARN_UNUSED_VARIABLE = YES;
				IPHONEOS_DEPLOYMENT_TARGET = 17.2;
				LOCALIZATION_PREFERS_STRING_CATALOGS = YES;
				MTL_ENABLE_DEBUG_INFO = INCLUDE_SOURCE;
				MTL_FAST_MATH = YES;
				ONLY_ACTIVE_ARCH = YES;
				SDKROOT = iphoneos;
				SWIFT_ACTIVE_COMPILATION_CONDITIONS = "DEBUG $(inherited)";
				SWIFT_OPTIMIZATION_LEVEL = "-Onone";
			};
			name = Debug;
		};
		01F5BC672D4E007600E2B8CF /* Release */ = {
			isa = XCBuildConfiguration;
			buildSettings = {
				ALWAYS_SEARCH_USER_PATHS = NO;
				ASSETCATALOG_COMPILER_GENERATE_SWIFT_ASSET_SYMBOL_EXTENSIONS = YES;
				CLANG_ANALYZER_NONNULL = YES;
				CLANG_ANALYZER_NUMBER_OBJECT_CONVERSION = YES_AGGRESSIVE;
				CLANG_CXX_LANGUAGE_STANDARD = "gnu++20";
				CLANG_ENABLE_MODULES = YES;
				CLANG_ENABLE_OBJC_ARC = YES;
				CLANG_ENABLE_OBJC_WEAK = YES;
				CLANG_WARN_BLOCK_CAPTURE_AUTORELEASING = YES;
				CLANG_WARN_BOOL_CONVERSION = YES;
				CLANG_WARN_COMMA = YES;
				CLANG_WARN_CONSTANT_CONVERSION = YES;
				CLANG_WARN_DEPRECATED_OBJC_IMPLEMENTATIONS = YES;
				CLANG_WARN_DIRECT_OBJC_ISA_USAGE = YES_ERROR;
				CLANG_WARN_DOCUMENTATION_COMMENTS = YES;
				CLANG_WARN_EMPTY_BODY = YES;
				CLANG_WARN_ENUM_CONVERSION = YES;
				CLANG_WARN_INFINITE_RECURSION = YES;
				CLANG_WARN_INT_CONVERSION = YES;
				CLANG_WARN_NON_LITERAL_NULL_CONVERSION = YES;
				CLANG_WARN_OBJC_IMPLICIT_RETAIN_SELF = YES;
				CLANG_WARN_OBJC_LITERAL_CONVERSION = YES;
				CLANG_WARN_OBJC_ROOT_CLASS = YES_ERROR;
				CLANG_WARN_QUOTED_INCLUDE_IN_FRAMEWORK_HEADER = YES;
				CLANG_WARN_RANGE_LOOP_ANALYSIS = YES;
				CLANG_WARN_STRICT_PROTOTYPES = YES;
				CLANG_WARN_SUSPICIOUS_MOVE = YES;
				CLANG_WARN_UNGUARDED_AVAILABILITY = YES_AGGRESSIVE;
				CLANG_WARN_UNREACHABLE_CODE = YES;
				CLANG_WARN__DUPLICATE_METHOD_MATCH = YES;
				COPY_PHASE_STRIP = NO;
				DEBUG_INFORMATION_FORMAT = "dwarf-with-dsym";
				ENABLE_NS_ASSERTIONS = NO;
				ENABLE_STRICT_OBJC_MSGSEND = YES;
				ENABLE_USER_SCRIPT_SANDBOXING = YES;
				GCC_C_LANGUAGE_STANDARD = gnu17;
				GCC_NO_COMMON_BLOCKS = YES;
				GCC_WARN_64_TO_32_BIT_CONVERSION = YES;
				GCC_WARN_ABOUT_RETURN_TYPE = YES_ERROR;
				GCC_WARN_UNDECLARED_SELECTOR = YES;
				GCC_WARN_UNINITIALIZED_AUTOS = YES_AGGRESSIVE;
				GCC_WARN_UNUSED_FUNCTION = YES;
				GCC_WARN_UNUSED_VARIABLE = YES;
				IPHONEOS_DEPLOYMENT_TARGET = 17.2;
				LOCALIZATION_PREFERS_STRING_CATALOGS = YES;
				MTL_ENABLE_DEBUG_INFO = NO;
				MTL_FAST_MATH = YES;
				SDKROOT = iphoneos;
				SWIFT_COMPILATION_MODE = wholemodule;
				VALIDATE_PRODUCT = YES;
			};
			name = Release;
		};
		01F5BC692D4E007600E2B8CF /* Debug */ = {
			isa = XCBuildConfiguration;
			buildSettings = {
				ASSETCATALOG_COMPILER_APPICON_NAME = AppIcon;
				ASSETCATALOG_COMPILER_GLOBAL_ACCENT_COLOR_NAME = AccentColor;
				CODE_SIGN_STYLE = Automatic;
				CURRENT_PROJECT_VERSION = 1;
				DEVELOPMENT_TEAM = F97FE5Z68U;
				GENERATE_INFOPLIST_FILE = YES;
				INFOPLIST_KEY_UIApplicationSupportsIndirectInputEvents = YES;
				INFOPLIST_KEY_UILaunchStoryboardName = LaunchScreen;
				INFOPLIST_KEY_UIStatusBarHidden = YES;
				INFOPLIST_KEY_UISupportedInterfaceOrientations = UIInterfaceOrientationPortrait;
				LD_RUNPATH_SEARCH_PATHS = (
					"$(inherited)",
					"@executable_path/Frameworks",
				);
				MARKETING_VERSION = 1.0;
				PRODUCT_BUNDLE_IDENTIFIER = nl.patrickrugebregt.TiltrisGame;
				PRODUCT_NAME = "$(TARGET_NAME)";
				SWIFT_EMIT_LOC_STRINGS = YES;
				SWIFT_VERSION = 5.0;
				TARGETED_DEVICE_FAMILY = "1,2";
			};
			name = Debug;
		};
		01F5BC6A2D4E007600E2B8CF /* Release */ = {
			isa = XCBuildConfiguration;
			buildSettings = {
				ASSETCATALOG_COMPILER_APPICON_NAME = AppIcon;
				ASSETCATALOG_COMPILER_GLOBAL_ACCENT_COLOR_NAME = AccentColor;
				CODE_SIGN_STYLE = Automatic;
				CURRENT_PROJECT_VERSION = 1;
				DEVELOPMENT_TEAM = F97FE5Z68U;
				GENERATE_INFOPLIST_FILE = YES;
				INFOPLIST_KEY_UIApplicationSupportsIndirectInputEvents = YES;
				INFOPLIST_KEY_UILaunchStoryboardName = LaunchScreen;
				INFOPLIST_KEY_UIStatusBarHidden = YES;
				INFOPLIST_KEY_UISupportedInterfaceOrientations = UIInterfaceOrientationPortrait;
				LD_RUNPATH_SEARCH_PATHS = (
					"$(inherited)",
					"@executable_path/Frameworks",
				);
				MARKETING_VERSION = 1.0;
				PRODUCT_BUNDLE_IDENTIFIER = nl.patrickrugebregt.TiltrisGame;
				PRODUCT_NAME = "$(TARGET_NAME)";
				SWIFT_EMIT_LOC_STRINGS = YES;
				SWIFT_VERSION = 5.0;
				TARGETED_DEVICE_FAMILY = "1,2";
			};
			name = Release;
		};
/* End XCBuildConfiguration section */

/* Begin XCConfigurationList section */
		01F5BC4C2D4E007400E2B8CF /* Build configuration list for PBXProject "TiltrisGame" */ = {
			isa = XCConfigurationList;
			buildConfigurations = (
				01F5BC662D4E007600E2B8CF /* Debug */,
				01F5BC672D4E007600E2B8CF /* Release */,
			);
			defaultConfigurationIsVisible = 0;
			defaultConfigurationName = Release;
		};
		01F5BC682D4E007600E2B8CF /* Build configuration list for PBXNativeTarget "TiltrisGame" */ = {
			isa = XCConfigurationList;
			buildConfigurations = (
				01F5BC692D4E007600E2B8CF /* Debug */,
				01F5BC6A2D4E007600E2B8CF /* Release */,
			);
			defaultConfigurationIsVisible = 0;
			defaultConfigurationName = Release;
		};
/* End XCConfigurationList section */
	};
	rootObject = 01F5BC492D4E007400E2B8CF /* Project object */;
}
